
Microsoft Visual Studio Solution File, Format Version 12.00
Project("{FAE04EC0-301F-11D3-BF4B-00C04F79EFBC}") = "TeReoLocalizer", "TeReoLocalizer\TeReoLocalizer.csproj", "{D260D9EF-DA9E-4389-A418-F19654CC3730}"
EndProject
Project("{FAE04EC0-301F-11D3-BF4B-00C04F79EFBC}") = "TeReoLocalizer.Shared", "TeReoLocalizer.Shared\TeReoLocalizer.Shared.csproj", "{435FA4E6-AE5F-407C-80A4-3A61AD118CEE}"
EndProject
Project("{FAE04EC0-301F-11D3-BF4B-00C04F79EFBC}") = "TeReoLocalizer.Annotations", "TeReoLocalizer.Annotations\TeReoLocalizer.Annotations.csproj", "{1EE1A7E5-F04F-47D5-8D85-A839CAD01D67}"
EndProject
Project("{FAE04EC0-301F-11D3-BF4B-00C04F79EFBC}") = "TeReoLocalizer.Shared.Tests", "TeReoLocalizer.Shared.Tests\TeReoLocalizer.Shared.Tests.csproj", "{ADE25ADF-C8E4-499F-B194-9F20FF1E7121}"
EndProject
Project("{FAE04EC0-301F-11D3-BF4B-00C04F79EFBC}") = "TeReoLocalizer.Launcher", "TeReoLocalizer.Launcher\TeReoLocalizer.Launcher.csproj", "{A4EF5563-8AAA-4B8E-943F-BF4BD20ED179}"
EndProject
Global
	GlobalSection(SolutionConfigurationPlatforms) = preSolution
		Debug|Any CPU = Debug|Any CPU
		Release|Any CPU = Release|Any CPU
	EndGlobalSection
	GlobalSection(ProjectConfigurationPlatforms) = postSolution
		{D260D9EF-DA9E-4389-A418-F19654CC3730}.Debug|Any CPU.ActiveCfg = Debug|Any CPU
		{D260D9EF-DA9E-4389-A418-F19654CC3730}.Debug|Any CPU.Build.0 = Debug|Any CPU
		{D260D9EF-DA9E-4389-A418-F19654CC3730}.Release|Any CPU.ActiveCfg = Release|Any CPU
		{D260D9EF-DA9E-4389-A418-F19654CC3730}.Release|Any CPU.Build.0 = Release|Any CPU
		{435FA4E6-AE5F-407C-80A4-3A61AD118CEE}.Debug|Any CPU.ActiveCfg = Debug|Any CPU
		{435FA4E6-AE5F-407C-80A4-3A61AD118CEE}.Debug|Any CPU.Build.0 = Debug|Any CPU
		{435FA4E6-AE5F-407C-80A4-3A61AD118CEE}.Release|Any CPU.ActiveCfg = Release|Any CPU
		{435FA4E6-AE5F-407C-80A4-3A61AD118CEE}.Release|Any CPU.Build.0 = Release|Any CPU
		{1EE1A7E5-F04F-47D5-8D85-A839CAD01D67}.Debug|Any CPU.ActiveCfg = Debug|Any CPU
		{1EE1A7E5-F04F-47D5-8D85-A839CAD01D67}.Debug|Any CPU.Build.0 = Debug|Any CPU
		{1EE1A7E5-F04F-47D5-8D85-A839CAD01D67}.Release|Any CPU.ActiveCfg = Release|Any CPU
		{1EE1A7E5-F04F-47D5-8D85-A839CAD01D67}.Release|Any CPU.Build.0 = Release|Any CPU
		{ADE25ADF-C8E4-499F-B194-9F20FF1E7121}.Debug|Any CPU.ActiveCfg = Debug|Any CPU
		{ADE25ADF-C8E4-499F-B194-9F20FF1E7121}.Debug|Any CPU.Build.0 = Debug|Any CPU
		{ADE25ADF-C8E4-499F-B194-9F20FF1E7121}.Release|Any CPU.ActiveCfg = Release|Any CPU
		{ADE25ADF-C8E4-499F-B194-9F20FF1E7121}.Release|Any CPU.Build.0 = Release|Any CPU
		{A4EF5563-8AAA-4B8E-943F-BF4BD20ED179}.Debug|Any CPU.ActiveCfg = Debug|Any CPU
		{A4EF5563-8AAA-4B8E-943F-BF4BD20ED179}.Debug|Any CPU.Build.0 = Debug|Any CPU
		{A4EF5563-8AAA-4B8E-943F-BF4BD20ED179}.Release|Any CPU.ActiveCfg = Release|Any CPU
		{A4EF5563-8AAA-4B8E-943F-BF4BD20ED179}.Release|Any CPU.Build.0 = Release|Any CPU
	EndGlobalSection
EndGlobal
